
Microsoft Visual Studio Solution File, Format Version 12.00
# Visual Studio Version 17
VisualStudioVersion = 17.14.36518.9
MinimumVisualStudioVersion = 10.0.40219.1
Project("{2150E333-8FDC-42A3-9474-1A3956D46DE8}") = "Core", "Core", "{02EA681E-C7D8-13C7-8484-4AC65E1B71E8}"
EndProject
Project("{2150E333-8FDC-42A3-9474-1A3956D46DE8}") = "Infrastructure", "Infrastructure", "{EA6D050B-DF2C-43C5-B673-F0A8051D2503}"
EndProject
Project("{FAE04EC0-301F-11D3-BF4B-00C04F79EFBC}") = "Store.Presentation.Api", "Store.Presentation.Api\Store.Presentation.Api.csproj", "{CD4F9C3D-37C8-49AF-9460-83E0F23C684D}"
EndProject
Project("{FAE04EC0-301F-11D3-BF4B-00C04F79EFBC}") = "Store.Core.Business", "Store.Core.Business\Store.Core.Business.csproj", "{D549E482-F1D3-497D-A798-5F135FA8D367}"
EndProject
Project("{FAE04EC0-301F-11D3-BF4B-00C04F79EFBC}") = "Store.Core.Domain", "Store.Core.Domain\Store.Core.Domain.csproj", "{2FBEF05B-436E-4267-9F68-B5B3535DFE2A}"
EndProject
Project("{FAE04EC0-301F-11D3-BF4B-00C04F79EFBC}") = "Store.Core.Domain.Tests", "Store.Core.Domain.Tests\Store.Core.Domain.Tests.csproj", "{3773F05A-E142-40BB-91E5-760B4CB1DD5A}"
EndProject
Project("{FAE04EC0-301F-11D3-BF4B-00C04F79EFBC}") = "Store.Infrastructure.Persistence", "Store.Infrastructure.Persistence\Store.Infrastructure.Persistence.csproj", "{0B2D8D52-3299-4AE1-BAFC-7B27E3CFF887}"
EndProject
Project("{FAE04EC0-301F-11D3-BF4B-00C04F79EFBC}") = "Store.Core.Shared", "Store.Core.Shared\Store.Core.Shared.csproj", "{B4BED33A-CC49-4E59-A7C8-7F4716B3E66E}"
EndProject
Project("{FAE04EC0-301F-11D3-BF4B-00C04F79EFBC}") = "Store.Presentation.Api.IntegrationTests", "Store.Presentation.Api.IntegrationTests\Store.Presentation.Api.IntegrationTests.csproj", "{210D7B2D-AA11-4B3C-AA16-6B1397CBC36B}"
EndProject
Project("{2150E333-8FDC-42A3-9474-1A3956D46DE8}") = "tests", "tests", "{4EA97685-E5D5-4892-BFF9-599EACA36FE2}"
EndProject
Project("{2150E333-8FDC-42A3-9474-1A3956D46DE8}") = "src", "src", "{B9A62026-90AA-429E-8C08-EB8F6969EA27}"
EndProject
Project("{FAE04EC0-301F-11D3-BF4B-00C04F79EFBC}") = "Store.Tests", "Store.Tests\Store.Tests.csproj", "{6873F918-CCA8-12F1-0D62-7E14AC9E59D7}"
EndProject
Project("{2150E333-8FDC-42A3-9474-1A3956D46DE8}") = "Core", "Core", "{C4105F30-D765-415C-9C48-DD9039F5B717}"
EndProject
Project("{FAE04EC0-301F-11D3-BF4B-00C04F79EFBC}") = "Store.Core.Shared.Tests", "Store.Core.Shared.Tests\Store.Core.Shared.Tests.csproj", "{0A08CFB6-3270-4411-99F2-F1476F46D8CE}"
EndProject
Project("{2150E333-8FDC-42A3-9474-1A3956D46DE8}") = "Solution Items", "Solution Items", "{8EC462FD-D22E-90A8-E5CE-7E832BA40C5D}"
	ProjectSection(SolutionItems) = preProject
		..\.github\workflows\gated.yml = ..\.github\workflows\gated.yml
		..\README.md = ..\README.md
	EndProjectSection
EndProject
Project("{2150E333-8FDC-42A3-9474-1A3956D46DE8}") = "Products", "Products", "{ACF13F87-E1AF-40F6-A616-A866ACD87298}"
EndProject
Project("{FAE04EC0-301F-11D3-BF4B-00C04F79EFBC}") = "Store.Products.Domain", "Store.Products.Domain\Store.Products.Domain.csproj", "{17438B8B-9B98-411F-8F76-EE57040AA798}"
EndProject
Project("{FAE04EC0-301F-11D3-BF4B-00C04F79EFBC}") = "Store.Products.Business", "Store.Products.Business\Store.Products.Business.csproj", "{59BB8AB2-541B-449D-BD03-F6D548CD5D6A}"
EndProject
Project("{2150E333-8FDC-42A3-9474-1A3956D46DE8}") = "Shared", "Shared", "{8F581844-FD7F-40F0-A237-8E0F2945BA56}"
EndProject
Project("{FAE04EC0-301F-11D3-BF4B-00C04F79EFBC}") = "Store.Shared", "Store.Shared\Store.Shared.csproj", "{9950915E-E80F-4CF6-B688-B3A7C934F9E1}"
EndProject
Project("{2150E333-8FDC-42A3-9474-1A3956D46DE8}") = "ShoppingCarts", "ShoppingCarts", "{8D884AF1-3230-4B93-811B-190B90C92FE8}"
EndProject
Project("{FAE04EC0-301F-11D3-BF4B-00C04F79EFBC}") = "Store.ShoppingCarts.Domain", "Store.ShoppingCarts.Domain\Store.ShoppingCarts.Domain.csproj", "{09E99107-3D28-1B25-0BD1-0FB317F3D345}"
EndProject
Project("{FAE04EC0-301F-11D3-BF4B-00C04F79EFBC}") = "Store.ShoppingCarts.Business", "Store.ShoppingCarts.Business\Store.ShoppingCarts.Business.csproj", "{0F56B570-ED3D-4DE0-A373-611445C4CA39}"
EndProject
Global
	GlobalSection(SolutionConfigurationPlatforms) = preSolution
		Debug|Any CPU = Debug|Any CPU
		Release|Any CPU = Release|Any CPU
	EndGlobalSection
	GlobalSection(ProjectConfigurationPlatforms) = postSolution
		{CD4F9C3D-37C8-49AF-9460-83E0F23C684D}.Debug|Any CPU.ActiveCfg = Debug|Any CPU
		{CD4F9C3D-37C8-49AF-9460-83E0F23C684D}.Debug|Any CPU.Build.0 = Debug|Any CPU
		{CD4F9C3D-37C8-49AF-9460-83E0F23C684D}.Release|Any CPU.ActiveCfg = Release|Any CPU
		{CD4F9C3D-37C8-49AF-9460-83E0F23C684D}.Release|Any CPU.Build.0 = Release|Any CPU
		{D549E482-F1D3-497D-A798-5F135FA8D367}.Debug|Any CPU.ActiveCfg = Debug|Any CPU
		{D549E482-F1D3-497D-A798-5F135FA8D367}.Debug|Any CPU.Build.0 = Debug|Any CPU
		{D549E482-F1D3-497D-A798-5F135FA8D367}.Release|Any CPU.ActiveCfg = Release|Any CPU
		{D549E482-F1D3-497D-A798-5F135FA8D367}.Release|Any CPU.Build.0 = Release|Any CPU
		{2FBEF05B-436E-4267-9F68-B5B3535DFE2A}.Debug|Any CPU.ActiveCfg = Debug|Any CPU
		{2FBEF05B-436E-4267-9F68-B5B3535DFE2A}.Debug|Any CPU.Build.0 = Debug|Any CPU
		{2FBEF05B-436E-4267-9F68-B5B3535DFE2A}.Release|Any CPU.ActiveCfg = Release|Any CPU
		{2FBEF05B-436E-4267-9F68-B5B3535DFE2A}.Release|Any CPU.Build.0 = Release|Any CPU
		{3773F05A-E142-40BB-91E5-760B4CB1DD5A}.Debug|Any CPU.ActiveCfg = Debug|Any CPU
		{3773F05A-E142-40BB-91E5-760B4CB1DD5A}.Debug|Any CPU.Build.0 = Debug|Any CPU
		{3773F05A-E142-40BB-91E5-760B4CB1DD5A}.Release|Any CPU.ActiveCfg = Release|Any CPU
		{3773F05A-E142-40BB-91E5-760B4CB1DD5A}.Release|Any CPU.Build.0 = Release|Any CPU
		{0B2D8D52-3299-4AE1-BAFC-7B27E3CFF887}.Debug|Any CPU.ActiveCfg = Debug|Any CPU
		{0B2D8D52-3299-4AE1-BAFC-7B27E3CFF887}.Debug|Any CPU.Build.0 = Debug|Any CPU
		{0B2D8D52-3299-4AE1-BAFC-7B27E3CFF887}.Release|Any CPU.ActiveCfg = Release|Any CPU
		{0B2D8D52-3299-4AE1-BAFC-7B27E3CFF887}.Release|Any CPU.Build.0 = Release|Any CPU
		{B4BED33A-CC49-4E59-A7C8-7F4716B3E66E}.Debug|Any CPU.ActiveCfg = Debug|Any CPU
		{B4BED33A-CC49-4E59-A7C8-7F4716B3E66E}.Debug|Any CPU.Build.0 = Debug|Any CPU
		{B4BED33A-CC49-4E59-A7C8-7F4716B3E66E}.Release|Any CPU.ActiveCfg = Release|Any CPU
		{B4BED33A-CC49-4E59-A7C8-7F4716B3E66E}.Release|Any CPU.Build.0 = Release|Any CPU
		{210D7B2D-AA11-4B3C-AA16-6B1397CBC36B}.Debug|Any CPU.ActiveCfg = Debug|Any CPU
		{210D7B2D-AA11-4B3C-AA16-6B1397CBC36B}.Debug|Any CPU.Build.0 = Debug|Any CPU
		{210D7B2D-AA11-4B3C-AA16-6B1397CBC36B}.Release|Any CPU.ActiveCfg = Release|Any CPU
		{210D7B2D-AA11-4B3C-AA16-6B1397CBC36B}.Release|Any CPU.Build.0 = Release|Any CPU
		{6873F918-CCA8-12F1-0D62-7E14AC9E59D7}.Debug|Any CPU.ActiveCfg = Debug|Any CPU
		{6873F918-CCA8-12F1-0D62-7E14AC9E59D7}.Debug|Any CPU.Build.0 = Debug|Any CPU
		{6873F918-CCA8-12F1-0D62-7E14AC9E59D7}.Release|Any CPU.ActiveCfg = Release|Any CPU
		{6873F918-CCA8-12F1-0D62-7E14AC9E59D7}.Release|Any CPU.Build.0 = Release|Any CPU
		{0A08CFB6-3270-4411-99F2-F1476F46D8CE}.Debug|Any CPU.ActiveCfg = Debug|Any CPU
		{0A08CFB6-3270-4411-99F2-F1476F46D8CE}.Debug|Any CPU.Build.0 = Debug|Any CPU
		{0A08CFB6-3270-4411-99F2-F1476F46D8CE}.Release|Any CPU.ActiveCfg = Release|Any CPU
		{0A08CFB6-3270-4411-99F2-F1476F46D8CE}.Release|Any CPU.Build.0 = Release|Any CPU
		{17438B8B-9B98-411F-8F76-EE57040AA798}.Debug|Any CPU.ActiveCfg = Debug|Any CPU
		{17438B8B-9B98-411F-8F76-EE57040AA798}.Debug|Any CPU.Build.0 = Debug|Any CPU
		{17438B8B-9B98-411F-8F76-EE57040AA798}.Release|Any CPU.ActiveCfg = Release|Any CPU
		{17438B8B-9B98-411F-8F76-EE57040AA798}.Release|Any CPU.Build.0 = Release|Any CPU
		{59BB8AB2-541B-449D-BD03-F6D548CD5D6A}.Debug|Any CPU.ActiveCfg = Debug|Any CPU
		{59BB8AB2-541B-449D-BD03-F6D548CD5D6A}.Debug|Any CPU.Build.0 = Debug|Any CPU
		{59BB8AB2-541B-449D-BD03-F6D548CD5D6A}.Release|Any CPU.ActiveCfg = Release|Any CPU
		{59BB8AB2-541B-449D-BD03-F6D548CD5D6A}.Release|Any CPU.Build.0 = Release|Any CPU
		{9950915E-E80F-4CF6-B688-B3A7C934F9E1}.Debug|Any CPU.ActiveCfg = Debug|Any CPU
		{9950915E-E80F-4CF6-B688-B3A7C934F9E1}.Debug|Any CPU.Build.0 = Debug|Any CPU
		{9950915E-E80F-4CF6-B688-B3A7C934F9E1}.Release|Any CPU.ActiveCfg = Release|Any CPU
		{9950915E-E80F-4CF6-B688-B3A7C934F9E1}.Release|Any CPU.Build.0 = Release|Any CPU
		{09E99107-3D28-1B25-0BD1-0FB317F3D345}.Debug|Any CPU.ActiveCfg = Debug|Any CPU
		{09E99107-3D28-1B25-0BD1-0FB317F3D345}.Debug|Any CPU.Build.0 = Debug|Any CPU
		{09E99107-3D28-1B25-0BD1-0FB317F3D345}.Release|Any CPU.ActiveCfg = Release|Any CPU
		{09E99107-3D28-1B25-0BD1-0FB317F3D345}.Release|Any CPU.Build.0 = Release|Any CPU
		{0F56B570-ED3D-4DE0-A373-611445C4CA39}.Debug|Any CPU.ActiveCfg = Debug|Any CPU
		{0F56B570-ED3D-4DE0-A373-611445C4CA39}.Debug|Any CPU.Build.0 = Debug|Any CPU
		{0F56B570-ED3D-4DE0-A373-611445C4CA39}.Release|Any CPU.ActiveCfg = Release|Any CPU
		{0F56B570-ED3D-4DE0-A373-611445C4CA39}.Release|Any CPU.Build.0 = Release|Any CPU
	EndGlobalSection
	GlobalSection(SolutionProperties) = preSolution
		HideSolutionNode = FALSE
	EndGlobalSection
	GlobalSection(NestedProjects) = preSolution
		{02EA681E-C7D8-13C7-8484-4AC65E1B71E8} = {B9A62026-90AA-429E-8C08-EB8F6969EA27}
		{EA6D050B-DF2C-43C5-B673-F0A8051D2503} = {B9A62026-90AA-429E-8C08-EB8F6969EA27}
		{CD4F9C3D-37C8-49AF-9460-83E0F23C684D} = {B9A62026-90AA-429E-8C08-EB8F6969EA27}
		{D549E482-F1D3-497D-A798-5F135FA8D367} = {02EA681E-C7D8-13C7-8484-4AC65E1B71E8}
		{2FBEF05B-436E-4267-9F68-B5B3535DFE2A} = {02EA681E-C7D8-13C7-8484-4AC65E1B71E8}
		{3773F05A-E142-40BB-91E5-760B4CB1DD5A} = {C4105F30-D765-415C-9C48-DD9039F5B717}
		{0B2D8D52-3299-4AE1-BAFC-7B27E3CFF887} = {EA6D050B-DF2C-43C5-B673-F0A8051D2503}
		{B4BED33A-CC49-4E59-A7C8-7F4716B3E66E} = {02EA681E-C7D8-13C7-8484-4AC65E1B71E8}
		{210D7B2D-AA11-4B3C-AA16-6B1397CBC36B} = {4EA97685-E5D5-4892-BFF9-599EACA36FE2}
		{6873F918-CCA8-12F1-0D62-7E14AC9E59D7} = {4EA97685-E5D5-4892-BFF9-599EACA36FE2}
		{C4105F30-D765-415C-9C48-DD9039F5B717} = {4EA97685-E5D5-4892-BFF9-599EACA36FE2}
		{0A08CFB6-3270-4411-99F2-F1476F46D8CE} = {C4105F30-D765-415C-9C48-DD9039F5B717}
		{17438B8B-9B98-411F-8F76-EE57040AA798} = {ACF13F87-E1AF-40F6-A616-A866ACD87298}
		{59BB8AB2-541B-449D-BD03-F6D548CD5D6A} = {ACF13F87-E1AF-40F6-A616-A866ACD87298}
		{9950915E-E80F-4CF6-B688-B3A7C934F9E1} = {8F581844-FD7F-40F0-A237-8E0F2945BA56}
		{09E99107-3D28-1B25-0BD1-0FB317F3D345} = {8D884AF1-3230-4B93-811B-190B90C92FE8}
		{0F56B570-ED3D-4DE0-A373-611445C4CA39} = {8D884AF1-3230-4B93-811B-190B90C92FE8}
	EndGlobalSection
	GlobalSection(ExtensibilityGlobals) = postSolution
		SolutionGuid = {033F0723-31BA-4866-8ACB-AA9E4E4AD336}
	EndGlobalSection
EndGlobal
